
Microsoft Visual Studio Solution File, Format Version 12.00
# Visual Studio Version 17
VisualStudioVersion = 17.5.002.0
MinimumVisualStudioVersion = 10.0.40219.1
Project("{2150E333-8FDC-42A3-9474-1A3956D46DE8}") = "src", "src", "{B3436974-2E20-41A5-A96B-BCDE9957D3AB}"
EndProject
Project("{9A19103F-16F7-4668-BE54-9A1E7A4F7556}") = "Library", "src\Library\Library.csproj", "{FF5FEA4C-61E7-461F-A4D7-F6A9DFA14779}"
EndProject
Project("{9A19103F-16F7-4668-BE54-9A1E7A4F7556}") = "Program", "src\Program\Program.csproj", "{D3C06015-F865-4DAB-8F8E-FEE341D2BF6D}"
EndProject
Project("{2150E333-8FDC-42A3-9474-1A3956D46DE8}") = "test", "test", "{D1654DE4-0B9A-4D42-9C86-7E0C9DEFE52E}"
EndProject
Project("{9A19103F-16F7-4668-BE54-9A1E7A4F7556}") = "Library.Tests", "test\Library.Tests\Library.Tests.csproj", "{7CCF454E-8122-406E-886D-9E425560BABF}"
EndProject
Global
	GlobalSection(SolutionConfigurationPlatforms) = preSolution
		Debug|Any CPU = Debug|Any CPU
		Release|Any CPU = Release|Any CPU
	EndGlobalSection
	GlobalSection(ProjectConfigurationPlatforms) = postSolution
		{FF5FEA4C-61E7-461F-A4D7-F6A9DFA14779}.Debug|Any CPU.ActiveCfg = Debug|Any CPU
		{FF5FEA4C-61E7-461F-A4D7-F6A9DFA14779}.Debug|Any CPU.Build.0 = Debug|Any CPU
		{FF5FEA4C-61E7-461F-A4D7-F6A9DFA14779}.Release|Any CPU.ActiveCfg = Release|Any CPU
		{FF5FEA4C-61E7-461F-A4D7-F6A9DFA14779}.Release|Any CPU.Build.0 = Release|Any CPU
		{D3C06015-F865-4DAB-8F8E-FEE341D2BF6D}.Debug|Any CPU.ActiveCfg = Debug|Any CPU
		{D3C06015-F865-4DAB-8F8E-FEE341D2BF6D}.Debug|Any CPU.Build.0 = Debug|Any CPU
		{D3C06015-F865-4DAB-8F8E-FEE341D2BF6D}.Release|Any CPU.ActiveCfg = Release|Any CPU
		{D3C06015-F865-4DAB-8F8E-FEE341D2BF6D}.Release|Any CPU.Build.0 = Release|Any CPU
		{7CCF454E-8122-406E-886D-9E425560BABF}.Debug|Any CPU.ActiveCfg = Debug|Any CPU
		{7CCF454E-8122-406E-886D-9E425560BABF}.Debug|Any CPU.Build.0 = Debug|Any CPU
		{7CCF454E-8122-406E-886D-9E425560BABF}.Release|Any CPU.ActiveCfg = Release|Any CPU
		{7CCF454E-8122-406E-886D-9E425560BABF}.Release|Any CPU.Build.0 = Release|Any CPU
	EndGlobalSection
	GlobalSection(SolutionProperties) = preSolution
		HideSolutionNode = FALSE
	EndGlobalSection
	GlobalSection(NestedProjects) = preSolution
		{FF5FEA4C-61E7-461F-A4D7-F6A9DFA14779} = {B3436974-2E20-41A5-A96B-BCDE9957D3AB}
		{D3C06015-F865-4DAB-8F8E-FEE341D2BF6D} = {B3436974-2E20-41A5-A96B-BCDE9957D3AB}
		{7CCF454E-8122-406E-886D-9E425560BABF} = {D1654DE4-0B9A-4D42-9C86-7E0C9DEFE52E}
	EndGlobalSection
	GlobalSection(ExtensibilityGlobals) = postSolution
		SolutionGuid = {FD05767F-C4F1-4423-B67F-0797225515F0}
	EndGlobalSection
EndGlobal
